# This file is automatically @generated by Cargo.
# It is not intended for manual editing.
version = 3

[[package]]
name = "anyhow"
version = "1.0.52"
source = "registry+https://github.com/rust-lang/crates.io-index"
checksum = "84450d0b4a8bd1ba4144ce8ce718fbc5d071358b1e5384bace6536b3d1f2d5b3"

[[package]]
name = "base64"
version = "0.13.0"
source = "registry+https://github.com/rust-lang/crates.io-index"
checksum = "904dfeac50f3cdaba28fc6f57fdcddb75f49ed61346676a78c4ffe55877802fd"

[[package]]
name = "block-buffer"
version = "0.10.0"
source = "registry+https://github.com/rust-lang/crates.io-index"
checksum = "f1d36a02058e76b040de25a4464ba1c80935655595b661505c8b39b664828b95"
dependencies = [
 "generic-array",
]

[[package]]
name = "cfg-if"
version = "1.0.0"
source = "registry+https://github.com/rust-lang/crates.io-index"
checksum = "baf1de4339761588bc0619e3cbc0120ee582ebb74b53b4efbf79117bd2da40fd"

[[package]]
name = "charset"
version = "0.1.3"
source = "registry+https://github.com/rust-lang/crates.io-index"
checksum = "18e9079d1a12a2cc2bffb5db039c43661836ead4082120d5844f02555aca2d46"
dependencies = [
 "base64",
 "encoding_rs",
]

[[package]]
name = "crabmail"
version = "0.1.0"
dependencies = [
 "anyhow",
 "horrorshow",
 "linkify",
 "mailparse",
 "once_cell",
 "sha3",
 "urlencoding",
]

[[package]]
name = "crypto-common"
version = "0.1.1"
source = "registry+https://github.com/rust-lang/crates.io-index"
checksum = "683d6b536309245c849479fba3da410962a43ed8e51c26b729208ec0ac2798d0"
dependencies = [
 "generic-array",
]

[[package]]
name = "digest"
version = "0.10.1"
source = "registry+https://github.com/rust-lang/crates.io-index"
checksum = "b697d66081d42af4fba142d56918a3cb21dc8eb63372c6b85d14f44fb9c5979b"
dependencies = [
 "block-buffer",
 "crypto-common",
 "generic-array",
]

[[package]]
name = "encoding_rs"
version = "0.8.30"
source = "registry+https://github.com/rust-lang/crates.io-index"
checksum = "7896dc8abb250ffdda33912550faa54c88ec8b998dec0b2c55ab224921ce11df"
dependencies = [
 "cfg-if",
]

[[package]]
name = "generic-array"
version = "0.14.4"
source = "registry+https://github.com/rust-lang/crates.io-index"
checksum = "501466ecc8a30d1d3b7fc9229b122b2ce8ed6e9d9223f1138d4babb253e51817"
dependencies = [
 "typenum",
 "version_check",
]

[[package]]
name = "horrorshow"
version = "0.8.4"
source = "registry+https://github.com/rust-lang/crates.io-index"
checksum = "8371fb981840150b1a54f7cb117bf6699f7466a1d4861daac33bc6fe2b5abea0"

[[package]]
name = "keccak"
version = "0.1.0"
source = "registry+https://github.com/rust-lang/crates.io-index"
checksum = "67c21572b4949434e4fc1e1978b99c5f77064153c59d998bf13ecd96fb5ecba7"

[[package]]
name = "linkify"
version = "0.8.0"
source = "registry+https://github.com/rust-lang/crates.io-index"
checksum = "ccbcd666d915aa3ae3c3774999a9e20b2776a018309b8159d07df062b91f45e8"
dependencies = [
 "memchr",
]

[[package]]
name = "mailparse"
version = "0.13.7"
source = "registry+https://github.com/rust-lang/crates.io-index"
checksum = "d70ae0840b192a2f7d1dc46e75f38720a7e3c52dfdc968ba3202fa270668dc67"
dependencies = [
 "base64",
 "charset",
 "quoted_printable",
]

[[package]]
name = "memchr"
version = "2.4.1"
source = "registry+https://github.com/rust-lang/crates.io-index"
checksum = "308cc39be01b73d0d18f82a0e7b2a3df85245f84af96fdddc5d202d27e47b86a"

[[package]]
name = "once_cell"
version = "1.9.0"
source = "registry+https://github.com/rust-lang/crates.io-index"
checksum = "da32515d9f6e6e489d7bc9d84c71b060db7247dc035bbe44eac88cf87486d8d5"

[[package]]
name = "quoted_printable"
version = "0.4.5"
source = "registry+https://github.com/rust-lang/crates.io-index"
checksum = "3fee2dce59f7a43418e3382c766554c614e06a552d53a8f07ef499ea4b332c0f"

[[package]]
name = "sha3"
version = "0.10.0"
source = "registry+https://github.com/rust-lang/crates.io-index"
checksum = "31f935e31cf406e8c0e96c2815a5516181b7004ae8c5f296293221e9b1e356bd"
dependencies = [
 "digest",
 "keccak",
]

[[package]]
name = "typenum"
version = "1.14.0"
source = "registry+https://github.com/rust-lang/crates.io-index"
checksum = "b63708a265f51345575b27fe43f9500ad611579e764c79edbc2037b1121959ec"

[[package]]
name = "urlencoding"
version = "2.1.0"
source = "registry+https://github.com/rust-lang/crates.io-index"
checksum = "68b90931029ab9b034b300b797048cf23723400aa757e8a2bfb9d748102f9821"

[[package]]
name = "version_check"
version = "0.9.3"
source = "registry+https://github.com/rust-lang/crates.io-index"
checksum = "5fecdca9a5291cc2b8dcf7dc02453fee791a280f3743cb0905f8822ae463b3fe"
