# This file is automatically @generated by Cargo.
# It is not intended for manual editing.
version = 3

[[package]]
name = "anyhow"
version = "1.0.56"
source = "registry+https://github.com/rust-lang/crates.io-index"
checksum = "4361135be9122e0870de935d7c439aef945b9f9ddd4199a553b5270b49c82a27"

[[package]]
name = "autocfg"
version = "1.1.0"
source = "registry+https://github.com/rust-lang/crates.io-index"
checksum = "d468802bab17cbc0cc575e9b053f41e72aa36bfa6b7f55e3529ffa43161b97fa"

[[package]]
name = "chrono"
version = "0.4.19"
source = "registry+https://github.com/rust-lang/crates.io-index"
checksum = "670ad68c9088c2a963aaa298cb369688cf3f9465ce5e2d4ca10e6e0098a1ce73"
dependencies = [
 "num-integer",
 "num-traits",
]

[[package]]
name = "crabmail"
version = "0.1.0"
dependencies = [
 "anyhow",
 "linkify",
 "mail-builder",
 "mail-parser",
 "nanotemplate",
 "once_cell",
 "urlencoding",
]

[[package]]
name = "linkify"
version = "0.8.0"
source = "registry+https://github.com/rust-lang/crates.io-index"
checksum = "ccbcd666d915aa3ae3c3774999a9e20b2776a018309b8159d07df062b91f45e8"
dependencies = [
 "memchr",
]

[[package]]
name = "mail-builder"
version = "0.1.3"
source = "git+https://github.com/alexwennerberg/mail-builder#f32b7715909d226ea35bd1dee33a6175e9bb623a"
dependencies = [
 "chrono",
]

[[package]]
name = "mail-parser"
version = "0.4.5"
source = "git+https://github.com/alexwennerberg/mail-parser#75604396cb2168ada0e37b705ab68b51e14332b5"

[[package]]
name = "memchr"
version = "2.4.1"
source = "registry+https://github.com/rust-lang/crates.io-index"
checksum = "308cc39be01b73d0d18f82a0e7b2a3df85245f84af96fdddc5d202d27e47b86a"

[[package]]
name = "nanotemplate"
version = "0.2.1"
source = "registry+https://github.com/rust-lang/crates.io-index"
checksum = "fcde141f0a9acabd38860369eeb0d69f1756d19c5948672c211e82e0519edd61"

[[package]]
name = "num-integer"
version = "0.1.44"
source = "registry+https://github.com/rust-lang/crates.io-index"
checksum = "d2cc698a63b549a70bc047073d2949cce27cd1c7b0a4a862d08a8031bc2801db"
dependencies = [
 "autocfg",
 "num-traits",
]

[[package]]
name = "num-traits"
version = "0.2.14"
source = "registry+https://github.com/rust-lang/crates.io-index"
checksum = "9a64b1ec5cda2586e284722486d802acf1f7dbdc623e2bfc57e65ca1cd099290"
dependencies = [
 "autocfg",
]

[[package]]
name = "once_cell"
version = "1.10.0"
source = "registry+https://github.com/rust-lang/crates.io-index"
checksum = "87f3e037eac156d1775da914196f0f37741a274155e34a0b7e427c35d2a2ecb9"

[[package]]
name = "urlencoding"
version = "2.1.0"
source = "registry+https://github.com/rust-lang/crates.io-index"
checksum = "68b90931029ab9b034b300b797048cf23723400aa757e8a2bfb9d748102f9821"
